
Microsoft Visual Studio Solution File, Format Version 12.00
# Visual Studio Version 16
VisualStudioVersion = 16.0.31624.102
MinimumVisualStudioVersion = 10.0.40219.1
Project("{FAE04EC0-301F-11D3-BF4B-00C04F79EFBC}") = "RockPaperScissor", "RockPaperScissor\RockPaperScissor.csproj", "{450A6A17-C989-43CD-BF98-8F0DA87CDD81}"
EndProject
Global
	GlobalSection(SolutionConfigurationPlatforms) = preSolution
		Debug|Any CPU = Debug|Any CPU
		Release|Any CPU = Release|Any CPU
	EndGlobalSection
	GlobalSection(ProjectConfigurationPlatforms) = postSolution
		{450A6A17-C989-43CD-BF98-8F0DA87CDD81}.Debug|Any CPU.ActiveCfg = Debug|Any CPU
		{450A6A17-C989-43CD-BF98-8F0DA87CDD81}.Debug|Any CPU.Build.0 = Debug|Any CPU
		{450A6A17-C989-43CD-BF98-8F0DA87CDD81}.Release|Any CPU.ActiveCfg = Release|Any CPU
		{450A6A17-C989-43CD-BF98-8F0DA87CDD81}.Release|Any CPU.Build.0 = Release|Any CPU
	EndGlobalSection
	GlobalSection(SolutionProperties) = preSolution
		HideSolutionNode = FALSE
	EndGlobalSection
	GlobalSection(ExtensibilityGlobals) = postSolution
		SolutionGuid = {78FC1D2B-5D3D-4DA5-928A-0A06DA11E5BA}
	EndGlobalSection
EndGlobal
